// !$*UTF8*$!
{
	archiveVersion = 1;
	classes = {
	};
	objectVersion = 56;
	objects = {

/* Begin PBXBuildFile section */
		ABD5F11F29EFC60A0017D294 /* DeveloperKeyboardApp.swift in Sources */ = {isa = PBXBuildFile; fileRef = ABD5F11E29EFC60A0017D294 /* DeveloperKeyboardApp.swift */; };
		ABD5F12129EFC60A0017D294 /* ContentView.swift in Sources */ = {isa = PBXBuildFile; fileRef = ABD5F12029EFC60A0017D294 /* ContentView.swift */; };
		ABD5F12329EFC60B0017D294 /* Assets.xcassets in Resources */ = {isa = PBXBuildFile; fileRef = ABD5F12229EFC60B0017D294 /* Assets.xcassets */; };
		ABD5F12629EFC60B0017D294 /* Preview Assets.xcassets in Resources */ = {isa = PBXBuildFile; fileRef = ABD5F12529EFC60B0017D294 /* Preview Assets.xcassets */; };
		ABD5F12829EFC60B0017D294 /* Persistence.swift in Sources */ = {isa = PBXBuildFile; fileRef = ABD5F12729EFC60B0017D294 /* Persistence.swift */; };
		ABD5F12B29EFC60B0017D294 /* DeveloperKeyboard.xcdatamodeld in Sources */ = {isa = PBXBuildFile; fileRef = ABD5F12929EFC60B0017D294 /* DeveloperKeyboard.xcdatamodeld */; };
		ABD5F13629EFC60B0017D294 /* DeveloperKeyboardTests.swift in Sources */ = {isa = PBXBuildFile; fileRef = ABD5F13529EFC60B0017D294 /* DeveloperKeyboardTests.swift */; };
		ABD5F14029EFC60B0017D294 /* DeveloperKeyboardUITests.swift in Sources */ = {isa = PBXBuildFile; fileRef = ABD5F13F29EFC60B0017D294 /* DeveloperKeyboardUITests.swift */; };
		ABD5F14229EFC60B0017D294 /* DeveloperKeyboardUITestsLaunchTests.swift in Sources */ = {isa = PBXBuildFile; fileRef = ABD5F14129EFC60B0017D294 /* DeveloperKeyboardUITestsLaunchTests.swift */; };
		ABD5F15529EFC61D0017D294 /* KeyboardViewController.swift in Sources */ = {isa = PBXBuildFile; fileRef = ABD5F15429EFC61D0017D294 /* KeyboardViewController.swift */; };
		ABD5F15929EFC61D0017D294 /* KeyboardExtension.appex in Embed Foundation Extensions */ = {isa = PBXBuildFile; fileRef = ABD5F15229EFC61D0017D294 /* KeyboardExtension.appex */; settings = {ATTRIBUTES = (RemoveHeadersOnCopy, ); }; };
/* End PBXBuildFile section */

/* Begin PBXContainerItemProxy section */
		ABD5F13229EFC60B0017D294 /* PBXContainerItemProxy */ = {
			isa = PBXContainerItemProxy;
			containerPortal = ABD5F11329EFC60A0017D294 /* Project object */;
			proxyType = 1;
			remoteGlobalIDString = ABD5F11A29EFC60A0017D294;
			remoteInfo = DeveloperKeyboard;
		};
		ABD5F13C29EFC60B0017D294 /* PBXContainerItemProxy */ = {
			isa = PBXContainerItemProxy;
			containerPortal = ABD5F11329EFC60A0017D294 /* Project object */;
			proxyType = 1;
			remoteGlobalIDString = ABD5F11A29EFC60A0017D294;
			remoteInfo = DeveloperKeyboard;
		};
		ABD5F15729EFC61D0017D294 /* PBXContainerItemProxy */ = {
			isa = PBXContainerItemProxy;
			containerPortal = ABD5F11329EFC60A0017D294 /* Project object */;
			proxyType = 1;
			remoteGlobalIDString = ABD5F15129EFC61D0017D294;
			remoteInfo = KeyboardExtension;
		};
/* End PBXContainerItemProxy section */

/* Begin PBXCopyFilesBuildPhase section */
		ABD5F15D29EFC61D0017D294 /* Embed Foundation Extensions */ = {
			isa = PBXCopyFilesBuildPhase;
			buildActionMask = 2147483647;
			dstPath = "";
			dstSubfolderSpec = 13;
			files = (
				ABD5F15929EFC61D0017D294 /* KeyboardExtension.appex in Embed Foundation Extensions */,
			);
			name = "Embed Foundation Extensions";
			runOnlyForDeploymentPostprocessing = 0;
		};
/* End PBXCopyFilesBuildPhase section */

/* Begin PBXFileReference section */
		ABD5F11B29EFC60A0017D294 /* DeveloperKeyboard.app */ = {isa = PBXFileReference; explicitFileType = wrapper.application; includeInIndex = 0; path = DeveloperKeyboard.app; sourceTree = BUILT_PRODUCTS_DIR; };
		ABD5F11E29EFC60A0017D294 /* DeveloperKeyboardApp.swift */ = {isa = PBXFileReference; lastKnownFileType = sourcecode.swift; path = DeveloperKeyboardApp.swift; sourceTree = "<group>"; };
		ABD5F12029EFC60A0017D294 /* ContentView.swift */ = {isa = PBXFileReference; lastKnownFileType = sourcecode.swift; path = ContentView.swift; sourceTree = "<group>"; };
		ABD5F12229EFC60B0017D294 /* Assets.xcassets */ = {isa = PBXFileReference; lastKnownFileType = folder.assetcatalog; path = Assets.xcassets; sourceTree = "<group>"; };
		ABD5F12529EFC60B0017D294 /* Preview Assets.xcassets */ = {isa = PBXFileReference; lastKnownFileType = folder.assetcatalog; path = "Preview Assets.xcassets"; sourceTree = "<group>"; };
		ABD5F12729EFC60B0017D294 /* Persistence.swift */ = {isa = PBXFileReference; lastKnownFileType = sourcecode.swift; path = Persistence.swift; sourceTree = "<group>"; };
		ABD5F12A29EFC60B0017D294 /* DeveloperKeyboard.xcdatamodel */ = {isa = PBXFileReference; lastKnownFileType = wrapper.xcdatamodel; path = DeveloperKeyboard.xcdatamodel; sourceTree = "<group>"; };
		ABD5F12C29EFC60B0017D294 /* Info.plist */ = {isa = PBXFileReference; lastKnownFileType = text.plist.xml; path = Info.plist; sourceTree = "<group>"; };
		ABD5F13129EFC60B0017D294 /* DeveloperKeyboardTests.xctest */ = {isa = PBXFileReference; explicitFileType = wrapper.cfbundle; includeInIndex = 0; path = DeveloperKeyboardTests.xctest; sourceTree = BUILT_PRODUCTS_DIR; };
		ABD5F13529EFC60B0017D294 /* DeveloperKeyboardTests.swift */ = {isa = PBXFileReference; lastKnownFileType = sourcecode.swift; path = DeveloperKeyboardTests.swift; sourceTree = "<group>"; };
		ABD5F13B29EFC60B0017D294 /* DeveloperKeyboardUITests.xctest */ = {isa = PBXFileReference; explicitFileType = wrapper.cfbundle; includeInIndex = 0; path = DeveloperKeyboardUITests.xctest; sourceTree = BUILT_PRODUCTS_DIR; };
		ABD5F13F29EFC60B0017D294 /* DeveloperKeyboardUITests.swift */ = {isa = PBXFileReference; lastKnownFileType = sourcecode.swift; path = DeveloperKeyboardUITests.swift; sourceTree = "<group>"; };
		ABD5F14129EFC60B0017D294 /* DeveloperKeyboardUITestsLaunchTests.swift */ = {isa = PBXFileReference; lastKnownFileType = sourcecode.swift; path = DeveloperKeyboardUITestsLaunchTests.swift; sourceTree = "<group>"; };
		ABD5F15229EFC61D0017D294 /* KeyboardExtension.appex */ = {isa = PBXFileReference; explicitFileType = "wrapper.app-extension"; includeInIndex = 0; path = KeyboardExtension.appex; sourceTree = BUILT_PRODUCTS_DIR; };
		ABD5F15429EFC61D0017D294 /* KeyboardViewController.swift */ = {isa = PBXFileReference; lastKnownFileType = sourcecode.swift; path = KeyboardViewController.swift; sourceTree = "<group>"; };
		ABD5F15629EFC61D0017D294 /* Info.plist */ = {isa = PBXFileReference; lastKnownFileType = text.plist.xml; path = Info.plist; sourceTree = "<group>"; };
/* End PBXFileReference section */

/* Begin PBXFrameworksBuildPhase section */
		ABD5F11829EFC60A0017D294 /* Frameworks */ = {
			isa = PBXFrameworksBuildPhase;
			buildActionMask = 2147483647;
			files = (
			);
			runOnlyForDeploymentPostprocessing = 0;
		};
		ABD5F12E29EFC60B0017D294 /* Frameworks */ = {
			isa = PBXFrameworksBuildPhase;
			buildActionMask = 2147483647;
			files = (
			);
			runOnlyForDeploymentPostprocessing = 0;
		};
		ABD5F13829EFC60B0017D294 /* Frameworks */ = {
			isa = PBXFrameworksBuildPhase;
			buildActionMask = 2147483647;
			files = (
			);
			runOnlyForDeploymentPostprocessing = 0;
		};
		ABD5F14F29EFC61D0017D294 /* Frameworks */ = {
			isa = PBXFrameworksBuildPhase;
			buildActionMask = 2147483647;
			files = (
			);
			runOnlyForDeploymentPostprocessing = 0;
		};
/* End PBXFrameworksBuildPhase section */

/* Begin PBXGroup section */
		ABD5F11229EFC60A0017D294 = {
			isa = PBXGroup;
			children = (
				ABD5F11D29EFC60A0017D294 /* DeveloperKeyboard */,
				ABD5F13429EFC60B0017D294 /* DeveloperKeyboardTests */,
				ABD5F13E29EFC60B0017D294 /* DeveloperKeyboardUITests */,
				ABD5F15329EFC61D0017D294 /* KeyboardExtension */,
				ABD5F11C29EFC60A0017D294 /* Products */,
			);
			sourceTree = "<group>";
		};
		ABD5F11C29EFC60A0017D294 /* Products */ = {
			isa = PBXGroup;
			children = (
				ABD5F11B29EFC60A0017D294 /* DeveloperKeyboard.app */,
				ABD5F13129EFC60B0017D294 /* DeveloperKeyboardTests.xctest */,
				ABD5F13B29EFC60B0017D294 /* DeveloperKeyboardUITests.xctest */,
				ABD5F15229EFC61D0017D294 /* KeyboardExtension.appex */,
			);
			name = Products;
			sourceTree = "<group>";
		};
		ABD5F11D29EFC60A0017D294 /* DeveloperKeyboard */ = {
			isa = PBXGroup;
			children = (
				ABD5F11E29EFC60A0017D294 /* DeveloperKeyboardApp.swift */,
				ABD5F12029EFC60A0017D294 /* ContentView.swift */,
				ABD5F12229EFC60B0017D294 /* Assets.xcassets */,
				ABD5F12729EFC60B0017D294 /* Persistence.swift */,
				ABD5F12C29EFC60B0017D294 /* Info.plist */,
				ABD5F12929EFC60B0017D294 /* DeveloperKeyboard.xcdatamodeld */,
				ABD5F12429EFC60B0017D294 /* Preview Content */,
			);
			path = DeveloperKeyboard;
			sourceTree = "<group>";
		};
		ABD5F12429EFC60B0017D294 /* Preview Content */ = {
			isa = PBXGroup;
			children = (
				ABD5F12529EFC60B0017D294 /* Preview Assets.xcassets */,
			);
			path = "Preview Content";
			sourceTree = "<group>";
		};
		ABD5F13429EFC60B0017D294 /* DeveloperKeyboardTests */ = {
			isa = PBXGroup;
			children = (
				ABD5F13529EFC60B0017D294 /* DeveloperKeyboardTests.swift */,
			);
			path = DeveloperKeyboardTests;
			sourceTree = "<group>";
		};
		ABD5F13E29EFC60B0017D294 /* DeveloperKeyboardUITests */ = {
			isa = PBXGroup;
			children = (
				ABD5F13F29EFC60B0017D294 /* DeveloperKeyboardUITests.swift */,
				ABD5F14129EFC60B0017D294 /* DeveloperKeyboardUITestsLaunchTests.swift */,
			);
			path = DeveloperKeyboardUITests;
			sourceTree = "<group>";
		};
		ABD5F15329EFC61D0017D294 /* KeyboardExtension */ = {
			isa = PBXGroup;
			children = (
				ABD5F15429EFC61D0017D294 /* KeyboardViewController.swift */,
				ABD5F15629EFC61D0017D294 /* Info.plist */,
			);
			path = KeyboardExtension;
			sourceTree = "<group>";
		};
/* End PBXGroup section */

/* Begin PBXNativeTarget section */
		ABD5F11A29EFC60A0017D294 /* DeveloperKeyboard */ = {
			isa = PBXNativeTarget;
			buildConfigurationList = ABD5F14529EFC60B0017D294 /* Build configuration list for PBXNativeTarget "DeveloperKeyboard" */;
			buildPhases = (
				ABD5F11729EFC60A0017D294 /* Sources */,
				ABD5F11829EFC60A0017D294 /* Frameworks */,
				ABD5F11929EFC60A0017D294 /* Resources */,
				ABD5F15D29EFC61D0017D294 /* Embed Foundation Extensions */,
			);
			buildRules = (
			);
			dependencies = (
				ABD5F15829EFC61D0017D294 /* PBXTargetDependency */,
			);
			name = DeveloperKeyboard;
			productName = DeveloperKeyboard;
			productReference = ABD5F11B29EFC60A0017D294 /* DeveloperKeyboard.app */;
			productType = "com.apple.product-type.application";
		};
		ABD5F13029EFC60B0017D294 /* DeveloperKeyboardTests */ = {
			isa = PBXNativeTarget;
			buildConfigurationList = ABD5F14829EFC60B0017D294 /* Build configuration list for PBXNativeTarget "DeveloperKeyboardTests" */;
			buildPhases = (
				ABD5F12D29EFC60B0017D294 /* Sources */,
				ABD5F12E29EFC60B0017D294 /* Frameworks */,
				ABD5F12F29EFC60B0017D294 /* Resources */,
			);
			buildRules = (
			);
			dependencies = (
				ABD5F13329EFC60B0017D294 /* PBXTargetDependency */,
			);
			name = DeveloperKeyboardTests;
			productName = DeveloperKeyboardTests;
			productReference = ABD5F13129EFC60B0017D294 /* DeveloperKeyboardTests.xctest */;
			productType = "com.apple.product-type.bundle.unit-test";
		};
		ABD5F13A29EFC60B0017D294 /* DeveloperKeyboardUITests */ = {
			isa = PBXNativeTarget;
			buildConfigurationList = ABD5F14B29EFC60B0017D294 /* Build configuration list for PBXNativeTarget "DeveloperKeyboardUITests" */;
			buildPhases = (
				ABD5F13729EFC60B0017D294 /* Sources */,
				ABD5F13829EFC60B0017D294 /* Frameworks */,
				ABD5F13929EFC60B0017D294 /* Resources */,
			);
			buildRules = (
			);
			dependencies = (
				ABD5F13D29EFC60B0017D294 /* PBXTargetDependency */,
			);
			name = DeveloperKeyboardUITests;
			productName = DeveloperKeyboardUITests;
			productReference = ABD5F13B29EFC60B0017D294 /* DeveloperKeyboardUITests.xctest */;
			productType = "com.apple.product-type.bundle.ui-testing";
		};
		ABD5F15129EFC61D0017D294 /* KeyboardExtension */ = {
			isa = PBXNativeTarget;
			buildConfigurationList = ABD5F15A29EFC61D0017D294 /* Build configuration list for PBXNativeTarget "KeyboardExtension" */;
			buildPhases = (
				ABD5F14E29EFC61D0017D294 /* Sources */,
				ABD5F14F29EFC61D0017D294 /* Frameworks */,
				ABD5F15029EFC61D0017D294 /* Resources */,
			);
			buildRules = (
			);
			dependencies = (
			);
			name = KeyboardExtension;
			productName = KeyboardExtension;
			productReference = ABD5F15229EFC61D0017D294 /* KeyboardExtension.appex */;
			productType = "com.apple.product-type.app-extension";
		};
/* End PBXNativeTarget section */

/* Begin PBXProject section */
		ABD5F11329EFC60A0017D294 /* Project object */ = {
			isa = PBXProject;
			attributes = {
				BuildIndependentTargetsInParallel = 1;
				LastSwiftUpdateCheck = 1420;
				LastUpgradeCheck = 1420;
				TargetAttributes = {
					ABD5F11A29EFC60A0017D294 = {
						CreatedOnToolsVersion = 14.2;
					};
					ABD5F13029EFC60B0017D294 = {
						CreatedOnToolsVersion = 14.2;
						TestTargetID = ABD5F11A29EFC60A0017D294;
					};
					ABD5F13A29EFC60B0017D294 = {
						CreatedOnToolsVersion = 14.2;
						TestTargetID = ABD5F11A29EFC60A0017D294;
					};
					ABD5F15129EFC61D0017D294 = {
						CreatedOnToolsVersion = 14.2;
					};
				};
			};
			buildConfigurationList = ABD5F11629EFC60A0017D294 /* Build configuration list for PBXProject "DeveloperKeyboard" */;
			compatibilityVersion = "Xcode 14.0";
			developmentRegion = en;
			hasScannedForEncodings = 0;
			knownRegions = (
				en,
				Base,
			);
			mainGroup = ABD5F11229EFC60A0017D294;
			productRefGroup = ABD5F11C29EFC60A0017D294 /* Products */;
			projectDirPath = "";
			projectRoot = "";
			targets = (
				ABD5F11A29EFC60A0017D294 /* DeveloperKeyboard */,
				ABD5F13029EFC60B0017D294 /* DeveloperKeyboardTests */,
				ABD5F13A29EFC60B0017D294 /* DeveloperKeyboardUITests */,
				ABD5F15129EFC61D0017D294 /* KeyboardExtension */,
			);
		};
/* End PBXProject section */

/* Begin PBXResourcesBuildPhase section */
		ABD5F11929EFC60A0017D294 /* Resources */ = {
			isa = PBXResourcesBuildPhase;
			buildActionMask = 2147483647;
			files = (
				ABD5F12629EFC60B0017D294 /* Preview Assets.xcassets in Resources */,
				ABD5F12329EFC60B0017D294 /* Assets.xcassets in Resources */,
			);
			runOnlyForDeploymentPostprocessing = 0;
		};
		ABD5F12F29EFC60B0017D294 /* Resources */ = {
			isa = PBXResourcesBuildPhase;
			buildActionMask = 2147483647;
			files = (
			);
			runOnlyForDeploymentPostprocessing = 0;
		};
		ABD5F13929EFC60B0017D294 /* Resources */ = {
			isa = PBXResourcesBuildPhase;
			buildActionMask = 2147483647;
			files = (
			);
			runOnlyForDeploymentPostprocessing = 0;
		};
		ABD5F15029EFC61D0017D294 /* Resources */ = {
			isa = PBXResourcesBuildPhase;
			buildActionMask = 2147483647;
			files = (
			);
			runOnlyForDeploymentPostprocessing = 0;
		};
/* End PBXResourcesBuildPhase section */

/* Begin PBXSourcesBuildPhase section */
		ABD5F11729EFC60A0017D294 /* Sources */ = {
			isa = PBXSourcesBuildPhase;
			buildActionMask = 2147483647;
			files = (
				ABD5F12829EFC60B0017D294 /* Persistence.swift in Sources */,
				ABD5F12B29EFC60B0017D294 /* DeveloperKeyboard.xcdatamodeld in Sources */,
				ABD5F12129EFC60A0017D294 /* ContentView.swift in Sources */,
				ABD5F11F29EFC60A0017D294 /* DeveloperKeyboardApp.swift in Sources */,
			);
			runOnlyForDeploymentPostprocessing = 0;
		};
		ABD5F12D29EFC60B0017D294 /* Sources */ = {
			isa = PBXSourcesBuildPhase;
			buildActionMask = 2147483647;
			files = (
				ABD5F13629EFC60B0017D294 /* DeveloperKeyboardTests.swift in Sources */,
			);
			runOnlyForDeploymentPostprocessing = 0;
		};
		ABD5F13729EFC60B0017D294 /* Sources */ = {
			isa = PBXSourcesBuildPhase;
			buildActionMask = 2147483647;
			files = (
				ABD5F14229EFC60B0017D294 /* DeveloperKeyboardUITestsLaunchTests.swift in Sources */,
				ABD5F14029EFC60B0017D294 /* DeveloperKeyboardUITests.swift in Sources */,
			);
			runOnlyForDeploymentPostprocessing = 0;
		};
		ABD5F14E29EFC61D0017D294 /* Sources */ = {
			isa = PBXSourcesBuildPhase;
			buildActionMask = 2147483647;
			files = (
				ABD5F15529EFC61D0017D294 /* KeyboardViewController.swift in Sources */,
			);
			runOnlyForDeploymentPostprocessing = 0;
		};
/* End PBXSourcesBuildPhase section */

/* Begin PBXTargetDependency section */
		ABD5F13329EFC60B0017D294 /* PBXTargetDependency */ = {
			isa = PBXTargetDependency;
			target = ABD5F11A29EFC60A0017D294 /* DeveloperKeyboard */;
			targetProxy = ABD5F13229EFC60B0017D294 /* PBXContainerItemProxy */;
		};
		ABD5F13D29EFC60B0017D294 /* PBXTargetDependency */ = {
			isa = PBXTargetDependency;
			target = ABD5F11A29EFC60A0017D294 /* DeveloperKeyboard */;
			targetProxy = ABD5F13C29EFC60B0017D294 /* PBXContainerItemProxy */;
		};
		ABD5F15829EFC61D0017D294 /* PBXTargetDependency */ = {
			isa = PBXTargetDependency;
			target = ABD5F15129EFC61D0017D294 /* KeyboardExtension */;
			targetProxy = ABD5F15729EFC61D0017D294 /* PBXContainerItemProxy */;
		};
/* End PBXTargetDependency section */

/* Begin XCBuildConfiguration section */
		ABD5F14329EFC60B0017D294 /* Debug */ = {
			isa = XCBuildConfiguration;
			buildSettings = {
				ALWAYS_SEARCH_USER_PATHS = NO;
				CLANG_ANALYZER_NONNULL = YES;
				CLANG_ANALYZER_NUMBER_OBJECT_CONVERSION = YES_AGGRESSIVE;
				CLANG_CXX_LANGUAGE_STANDARD = "gnu++20";
				CLANG_ENABLE_MODULES = YES;
				CLANG_ENABLE_OBJC_ARC = YES;
				CLANG_ENABLE_OBJC_WEAK = YES;
				CLANG_WARN_BLOCK_CAPTURE_AUTORELEASING = YES;
				CLANG_WARN_BOOL_CONVERSION = YES;
				CLANG_WARN_COMMA = YES;
				CLANG_WARN_CONSTANT_CONVERSION = YES;
				CLANG_WARN_DEPRECATED_OBJC_IMPLEMENTATIONS = YES;
				CLANG_WARN_DIRECT_OBJC_ISA_USAGE = YES_ERROR;
				CLANG_WARN_DOCUMENTATION_COMMENTS = YES;
				CLANG_WARN_EMPTY_BODY = YES;
				CLANG_WARN_ENUM_CONVERSION = YES;
				CLANG_WARN_INFINITE_RECURSION = YES;
				CLANG_WARN_INT_CONVERSION = YES;
				CLANG_WARN_NON_LITERAL_NULL_CONVERSION = YES;
				CLANG_WARN_OBJC_IMPLICIT_RETAIN_SELF = YES;
				CLANG_WARN_OBJC_LITERAL_CONVERSION = YES;
				CLANG_WARN_OBJC_ROOT_CLASS = YES_ERROR;
				CLANG_WARN_QUOTED_INCLUDE_IN_FRAMEWORK_HEADER = YES;
				CLANG_WARN_RANGE_LOOP_ANALYSIS = YES;
				CLANG_WARN_STRICT_PROTOTYPES = YES;
				CLANG_WARN_SUSPICIOUS_MOVE = YES;
				CLANG_WARN_UNGUARDED_AVAILABILITY = YES_AGGRESSIVE;
				CLANG_WARN_UNREACHABLE_CODE = YES;
				CLANG_WARN__DUPLICATE_METHOD_MATCH = YES;
				COPY_PHASE_STRIP = NO;
				DEBUG_INFORMATION_FORMAT = dwarf;
				ENABLE_STRICT_OBJC_MSGSEND = YES;
				ENABLE_TESTABILITY = YES;
				GCC_C_LANGUAGE_STANDARD = gnu11;
				GCC_DYNAMIC_NO_PIC = NO;
				GCC_NO_COMMON_BLOCKS = YES;
				GCC_OPTIMIZATION_LEVEL = 0;
				GCC_PREPROCESSOR_DEFINITIONS = (
					"DEBUG=1",
					"$(inherited)",
				);
				GCC_WARN_64_TO_32_BIT_CONVERSION = YES;
				GCC_WARN_ABOUT_RETURN_TYPE = YES_ERROR;
				GCC_WARN_UNDECLARED_SELECTOR = YES;
				GCC_WARN_UNINITIALIZED_AUTOS = YES_AGGRESSIVE;
				GCC_WARN_UNUSED_FUNCTION = YES;
				GCC_WARN_UNUSED_VARIABLE = YES;
				IPHONEOS_DEPLOYMENT_TARGET = 16.2;
				MTL_ENABLE_DEBUG_INFO = INCLUDE_SOURCE;
				MTL_FAST_MATH = YES;
				ONLY_ACTIVE_ARCH = YES;
				SDKROOT = iphoneos;
				SWIFT_ACTIVE_COMPILATION_CONDITIONS = DEBUG;
				SWIFT_OPTIMIZATION_LEVEL = "-Onone";
			};
			name = Debug;
		};
		ABD5F14429EFC60B0017D294 /* Release */ = {
			isa = XCBuildConfiguration;
			buildSettings = {
				ALWAYS_SEARCH_USER_PATHS = NO;
				CLANG_ANALYZER_NONNULL = YES;
				CLANG_ANALYZER_NUMBER_OBJECT_CONVERSION = YES_AGGRESSIVE;
				CLANG_CXX_LANGUAGE_STANDARD = "gnu++20";
				CLANG_ENABLE_MODULES = YES;
				CLANG_ENABLE_OBJC_ARC = YES;
				CLANG_ENABLE_OBJC_WEAK = YES;
				CLANG_WARN_BLOCK_CAPTURE_AUTORELEASING = YES;
				CLANG_WARN_BOOL_CONVERSION = YES;
				CLANG_WARN_COMMA = YES;
				CLANG_WARN_CONSTANT_CONVERSION = YES;
				CLANG_WARN_DEPRECATED_OBJC_IMPLEMENTATIONS = YES;
				CLANG_WARN_DIRECT_OBJC_ISA_USAGE = YES_ERROR;
				CLANG_WARN_DOCUMENTATION_COMMENTS = YES;
				CLANG_WARN_EMPTY_BODY = YES;
				CLANG_WARN_ENUM_CONVERSION = YES;
				CLANG_WARN_INFINITE_RECURSION = YES;
				CLANG_WARN_INT_CONVERSION = YES;
				CLANG_WARN_NON_LITERAL_NULL_CONVERSION = YES;
				CLANG_WARN_OBJC_IMPLICIT_RETAIN_SELF = YES;
				CLANG_WARN_OBJC_LITERAL_CONVERSION = YES;
				CLANG_WARN_OBJC_ROOT_CLASS = YES_ERROR;
				CLANG_WARN_QUOTED_INCLUDE_IN_FRAMEWORK_HEADER = YES;
				CLANG_WARN_RANGE_LOOP_ANALYSIS = YES;
				CLANG_WARN_STRICT_PROTOTYPES = YES;
				CLANG_WARN_SUSPICIOUS_MOVE = YES;
				CLANG_WARN_UNGUARDED_AVAILABILITY = YES_AGGRESSIVE;
				CLANG_WARN_UNREACHABLE_CODE = YES;
				CLANG_WARN__DUPLICATE_METHOD_MATCH = YES;
				COPY_PHASE_STRIP = NO;
				DEBUG_INFORMATION_FORMAT = "dwarf-with-dsym";
				ENABLE_NS_ASSERTIONS = NO;
				ENABLE_STRICT_OBJC_MSGSEND = YES;
				GCC_C_LANGUAGE_STANDARD = gnu11;
				GCC_NO_COMMON_BLOCKS = YES;
				GCC_WARN_64_TO_32_BIT_CONVERSION = YES;
				GCC_WARN_ABOUT_RETURN_TYPE = YES_ERROR;
				GCC_WARN_UNDECLARED_SELECTOR = YES;
				GCC_WARN_UNINITIALIZED_AUTOS = YES_AGGRESSIVE;
				GCC_WARN_UNUSED_FUNCTION = YES;
				GCC_WARN_UNUSED_VARIABLE = YES;
				IPHONEOS_DEPLOYMENT_TARGET = 16.2;
				MTL_ENABLE_DEBUG_INFO = NO;
				MTL_FAST_MATH = YES;
				SDKROOT = iphoneos;
				SWIFT_COMPILATION_MODE = wholemodule;
				SWIFT_OPTIMIZATION_LEVEL = "-O";
				VALIDATE_PRODUCT = YES;
			};
			name = Release;
		};
		ABD5F14629EFC60B0017D294 /* Debug */ = {
			isa = XCBuildConfiguration;
			buildSettings = {
				ALWAYS_EMBED_SWIFT_STANDARD_LIBRARIES = YES;
				ASSETCATALOG_COMPILER_APPICON_NAME = AppIcon;
				ASSETCATALOG_COMPILER_GLOBAL_ACCENT_COLOR_NAME = AccentColor;
				CODE_SIGN_STYLE = Automatic;
				CURRENT_PROJECT_VERSION = 1;
				DEVELOPMENT_ASSET_PATHS = "\"DeveloperKeyboard/Preview Content\"";
				DEVELOPMENT_TEAM = S9WYUGC8TD;
				ENABLE_PREVIEWS = YES;
				GENERATE_INFOPLIST_FILE = YES;
				INFOPLIST_KEY_UIApplicationSceneManifest_Generation = YES;
				INFOPLIST_KEY_UIApplicationSupportsIndirectInputEvents = YES;
				INFOPLIST_KEY_UILaunchScreen_Generation = YES;
				INFOPLIST_KEY_UISupportedInterfaceOrientations_iPad = "UIInterfaceOrientationPortrait UIInterfaceOrientationPortraitUpsideDown UIInterfaceOrientationLandscapeLeft UIInterfaceOrientationLandscapeRight";
				INFOPLIST_KEY_UISupportedInterfaceOrientations_iPhone = "UIInterfaceOrientationPortrait UIInterfaceOrientationLandscapeLeft UIInterfaceOrientationLandscapeRight";
				LD_RUNPATH_SEARCH_PATHS = (
					"$(inherited)",
					"@executable_path/Frameworks",
				);
				MARKETING_VERSION = 1.0;
				PRODUCT_BUNDLE_IDENTIFIER = xyz.marchell.DeveloperKeyboard;
				PRODUCT_NAME = "$(TARGET_NAME)";
				SWIFT_EMIT_LOC_STRINGS = YES;
				SWIFT_VERSION = 5.0;
				TARGETED_DEVICE_FAMILY = "1,2";
			};
			name = Debug;
		};
		ABD5F14729EFC60B0017D294 /* Release */ = {
			isa = XCBuildConfiguration;
			buildSettings = {
				ALWAYS_EMBED_SWIFT_STANDARD_LIBRARIES = YES;
				ASSETCATALOG_COMPILER_APPICON_NAME = AppIcon;
				ASSETCATALOG_COMPILER_GLOBAL_ACCENT_COLOR_NAME = AccentColor;
				CODE_SIGN_STYLE = Automatic;
				CURRENT_PROJECT_VERSION = 1;
				DEVELOPMENT_ASSET_PATHS = "\"DeveloperKeyboard/Preview Content\"";
				DEVELOPMENT_TEAM = S9WYUGC8TD;
				ENABLE_PREVIEWS = YES;
				GENERATE_INFOPLIST_FILE = YES;
				INFOPLIST_KEY_UIApplicationSceneManifest_Generation = YES;
				INFOPLIST_KEY_UIApplicationSupportsIndirectInputEvents = YES;
				INFOPLIST_KEY_UILaunchScreen_Generation = YES;
				INFOPLIST_KEY_UISupportedInterfaceOrientations_iPad = "UIInterfaceOrientationPortrait UIInterfaceOrientationPortraitUpsideDown UIInterfaceOrientationLandscapeLeft UIInterfaceOrientationLandscapeRight";
				INFOPLIST_KEY_UISupportedInterfaceOrientations_iPhone = "UIInterfaceOrientationPortrait UIInterfaceOrientationLandscapeLeft UIInterfaceOrientationLandscapeRight";
				LD_RUNPATH_SEARCH_PATHS = (
					"$(inherited)",
					"@executable_path/Frameworks",
				);
				MARKETING_VERSION = 1.0;
				PRODUCT_BUNDLE_IDENTIFIER = xyz.marchell.DeveloperKeyboard;
				PRODUCT_NAME = "$(TARGET_NAME)";
				SWIFT_EMIT_LOC_STRINGS = YES;
				SWIFT_VERSION = 5.0;
				TARGETED_DEVICE_FAMILY = "1,2";
			};
			name = Release;
		};
		ABD5F14929EFC60B0017D294 /* Debug */ = {
			isa = XCBuildConfiguration;
			buildSettings = {
				ALWAYS_EMBED_SWIFT_STANDARD_LIBRARIES = YES;
				BUNDLE_LOADER = "$(TEST_HOST)";
				CODE_SIGN_STYLE = Automatic;
				CURRENT_PROJECT_VERSION = 1;
				DEVELOPMENT_TEAM = S9WYUGC8TD;
				GENERATE_INFOPLIST_FILE = YES;
				IPHONEOS_DEPLOYMENT_TARGET = 16.2;
				MARKETING_VERSION = 1.0;
				PRODUCT_BUNDLE_IDENTIFIER = xyz.marchell.DeveloperKeyboardTests;
				PRODUCT_NAME = "$(TARGET_NAME)";
				SWIFT_EMIT_LOC_STRINGS = NO;
				SWIFT_VERSION = 5.0;
				TARGETED_DEVICE_FAMILY = "1,2";
				TEST_HOST = "$(BUILT_PRODUCTS_DIR)/DeveloperKeyboard.app/$(BUNDLE_EXECUTABLE_FOLDER_PATH)/DeveloperKeyboard";
			};
			name = Debug;
		};
		ABD5F14A29EFC60B0017D294 /* Release */ = {
			isa = XCBuildConfiguration;
			buildSettings = {
				ALWAYS_EMBED_SWIFT_STANDARD_LIBRARIES = YES;
				BUNDLE_LOADER = "$(TEST_HOST)";
				CODE_SIGN_STYLE = Automatic;
				CURRENT_PROJECT_VERSION = 1;
				DEVELOPMENT_TEAM = S9WYUGC8TD;
				GENERATE_INFOPLIST_FILE = YES;
				IPHONEOS_DEPLOYMENT_TARGET = 16.2;
				MARKETING_VERSION = 1.0;
				PRODUCT_BUNDLE_IDENTIFIER = xyz.marchell.DeveloperKeyboardTests;
				PRODUCT_NAME = "$(TARGET_NAME)";
				SWIFT_EMIT_LOC_STRINGS = NO;
				SWIFT_VERSION = 5.0;
				TARGETED_DEVICE_FAMILY = "1,2";
				TEST_HOST = "$(BUILT_PRODUCTS_DIR)/DeveloperKeyboard.app/$(BUNDLE_EXECUTABLE_FOLDER_PATH)/DeveloperKeyboard";
			};
			name = Release;
		};
		ABD5F14C29EFC60B0017D294 /* Debug */ = {
			isa = XCBuildConfiguration;
			buildSettings = {
				ALWAYS_EMBED_SWIFT_STANDARD_LIBRARIES = YES;
				CODE_SIGN_STYLE = Automatic;
				CURRENT_PROJECT_VERSION = 1;
				DEVELOPMENT_TEAM = S9WYUGC8TD;
				GENERATE_INFOPLIST_FILE = YES;
				MARKETING_VERSION = 1.0;
				PRODUCT_BUNDLE_IDENTIFIER = xyz.marchell.DeveloperKeyboardUITests;
				PRODUCT_NAME = "$(TARGET_NAME)";
				SWIFT_EMIT_LOC_STRINGS = NO;
				SWIFT_VERSION = 5.0;
				TARGETED_DEVICE_FAMILY = "1,2";
				TEST_TARGET_NAME = DeveloperKeyboard;
			};
			name = Debug;
		};
		ABD5F14D29EFC60B0017D294 /* Release */ = {
			isa = XCBuildConfiguration;
			buildSettings = {
				ALWAYS_EMBED_SWIFT_STANDARD_LIBRARIES = YES;
				CODE_SIGN_STYLE = Automatic;
				CURRENT_PROJECT_VERSION = 1;
				DEVELOPMENT_TEAM = S9WYUGC8TD;
				GENERATE_INFOPLIST_FILE = YES;
				MARKETING_VERSION = 1.0;
				PRODUCT_BUNDLE_IDENTIFIER = xyz.marchell.DeveloperKeyboardUITests;
				PRODUCT_NAME = "$(TARGET_NAME)";
				SWIFT_EMIT_LOC_STRINGS = NO;
				SWIFT_VERSION = 5.0;
				TARGETED_DEVICE_FAMILY = "1,2";
				TEST_TARGET_NAME = DeveloperKeyboard;
			};
			name = Release;
		};
		ABD5F15B29EFC61D0017D294 /* Debug */ = {
			isa = XCBuildConfiguration;
			buildSettings = {
				CODE_SIGN_STYLE = Automatic;
				CURRENT_PROJECT_VERSION = 1;
				DEVELOPMENT_TEAM = S9WYUGC8TD;
				GENERATE_INFOPLIST_FILE = YES;
				INFOPLIST_FILE = KeyboardExtension/Info.plist;
				INFOPLIST_KEY_CFBundleDisplayName = KeyboardExtension;
				INFOPLIST_KEY_NSHumanReadableCopyright = "";
				LD_RUNPATH_SEARCH_PATHS = (
					"$(inherited)",
					"@executable_path/Frameworks",
					"@executable_path/../../Frameworks",
				);
				MARKETING_VERSION = 1.0;
				PRODUCT_BUNDLE_IDENTIFIER = xyz.marchell.DeveloperKeyboard.KeyboardExtension;
				PRODUCT_NAME = "$(TARGET_NAME)";
				SKIP_INSTALL = YES;
				SWIFT_EMIT_LOC_STRINGS = YES;
				SWIFT_VERSION = 5.0;
				TARGETED_DEVICE_FAMILY = "1,2";
			};
			name = Debug;
		};
		ABD5F15C29EFC61D0017D294 /* Release */ = {
			isa = XCBuildConfiguration;
			buildSettings = {
				CODE_SIGN_STYLE = Automatic;
				CURRENT_PROJECT_VERSION = 1;
				DEVELOPMENT_TEAM = S9WYUGC8TD;
				GENERATE_INFOPLIST_FILE = YES;
				INFOPLIST_FILE = KeyboardExtension/Info.plist;
				INFOPLIST_KEY_CFBundleDisplayName = KeyboardExtension;
				INFOPLIST_KEY_NSHumanReadableCopyright = "";
				LD_RUNPATH_SEARCH_PATHS = (
					"$(inherited)",
					"@executable_path/Frameworks",
					"@executable_path/../../Frameworks",
				);
				MARKETING_VERSION = 1.0;
				PRODUCT_BUNDLE_IDENTIFIER = xyz.marchell.DeveloperKeyboard.KeyboardExtension;
				PRODUCT_NAME = "$(TARGET_NAME)";
				SKIP_INSTALL = YES;
				SWIFT_EMIT_LOC_STRINGS = YES;
				SWIFT_VERSION = 5.0;
				TARGETED_DEVICE_FAMILY = "1,2";
			};
			name = Release;
		};
/* End XCBuildConfiguration section */

/* Begin XCConfigurationList section */
		ABD5F11629EFC60A0017D294 /* Build configuration list for PBXProject "DeveloperKeyboard" */ = {
			isa = XCConfigurationList;
			buildConfigurations = (
				ABD5F14329EFC60B0017D294 /* Debug */,
				ABD5F14429EFC60B0017D294 /* Release */,
			);
			defaultConfigurationIsVisible = 0;
			defaultConfigurationName = Release;
		};
		ABD5F14529EFC60B0017D294 /* Build configuration list for PBXNativeTarget "DeveloperKeyboard" */ = {
			isa = XCConfigurationList;
			buildConfigurations = (
				ABD5F14629EFC60B0017D294 /* Debug */,
				ABD5F14729EFC60B0017D294 /* Release */,
			);
			defaultConfigurationIsVisible = 0;
			defaultConfigurationName = Release;
		};
		ABD5F14829EFC60B0017D294 /* Build configuration list for PBXNativeTarget "DeveloperKeyboardTests" */ = {
			isa = XCConfigurationList;
			buildConfigurations = (
				ABD5F14929EFC60B0017D294 /* Debug */,
				ABD5F14A29EFC60B0017D294 /* Release */,
			);
			defaultConfigurationIsVisible = 0;
			defaultConfigurationName = Release;
		};
		ABD5F14B29EFC60B0017D294 /* Build configuration list for PBXNativeTarget "DeveloperKeyboardUITests" */ = {
			isa = XCConfigurationList;
			buildConfigurations = (
				ABD5F14C29EFC60B0017D294 /* Debug */,
				ABD5F14D29EFC60B0017D294 /* Release */,
			);
			defaultConfigurationIsVisible = 0;
			defaultConfigurationName = Release;
		};
		ABD5F15A29EFC61D0017D294 /* Build configuration list for PBXNativeTarget "KeyboardExtension" */ = {
			isa = XCConfigurationList;
			buildConfigurations = (
				ABD5F15B29EFC61D0017D294 /* Debug */,
				ABD5F15C29EFC61D0017D294 /* Release */,
			);
			defaultConfigurationIsVisible = 0;
			defaultConfigurationName = Release;
		};
/* End XCConfigurationList section */

/* Begin XCVersionGroup section */
		ABD5F12929EFC60B0017D294 /* DeveloperKeyboard.xcdatamodeld */ = {
			isa = XCVersionGroup;
			children = (
				ABD5F12A29EFC60B0017D294 /* DeveloperKeyboard.xcdatamodel */,
			);
			currentVersion = ABD5F12A29EFC60B0017D294 /* DeveloperKeyboard.xcdatamodel */;
			path = DeveloperKeyboard.xcdatamodeld;
			sourceTree = "<group>";
			versionGroupType = wrapper.xcdatamodel;
		};
/* End XCVersionGroup section */
	};
	rootObject = ABD5F11329EFC60A0017D294 /* Project object */;
}
