{
  "pins" : [
    {
      "identity" : "keyboardkit",
      "kind" : "remoteSourceControl",
      "location" : "https://github.com/KeyboardKit/KeyboardKit.git",
      "state" : {
        "revision" : "85ef66cc894a3a17474bf1634e35f0b6a945312f",
        "version" : "8.0.0"
      }
    }
  ],
  "version" : 2
}
